
Microsoft Visual Studio Solution File, Format Version 12.00
# Visual Studio Version 16
VisualStudioVersion = 16.0.30523.141
MinimumVisualStudioVersion = 10.0.40219.1
Project("{9A19103F-16F7-4668-BE54-9A1E7A4F7556}") = "ZTP.Scheduler", "ZTP.Scheduler\ZTP.Scheduler.csproj", "{4DDCCD44-10CA-47F9-AD79-C7A3DB35A4E9}"
EndProject
Project("{9A19103F-16F7-4668-BE54-9A1E7A4F7556}") = "ZTP.Scheduler.Tests", "ZTP.Scheduler.Tests\ZTP.Scheduler.Tests.csproj", "{FDC8C018-FEE8-4777-9D66-5071D6FDBDA7}"
EndProject
Project("{FAE04EC0-301F-11D3-BF4B-00C04F79EFBC}") = "ConsoleApp1", "ConsoleApp1\ConsoleApp1.csproj", "{5EFCC784-3FD1-4207-8F06-728EA279A205}"
EndProject
Global
	GlobalSection(SolutionConfigurationPlatforms) = preSolution
		Debug|Any CPU = Debug|Any CPU
		Release|Any CPU = Release|Any CPU
	EndGlobalSection
	GlobalSection(ProjectConfigurationPlatforms) = postSolution
		{4DDCCD44-10CA-47F9-AD79-C7A3DB35A4E9}.Debug|Any CPU.ActiveCfg = Debug|Any CPU
		{4DDCCD44-10CA-47F9-AD79-C7A3DB35A4E9}.Debug|Any CPU.Build.0 = Debug|Any CPU
		{4DDCCD44-10CA-47F9-AD79-C7A3DB35A4E9}.Release|Any CPU.ActiveCfg = Release|Any CPU
		{4DDCCD44-10CA-47F9-AD79-C7A3DB35A4E9}.Release|Any CPU.Build.0 = Release|Any CPU
		{FDC8C018-FEE8-4777-9D66-5071D6FDBDA7}.Debug|Any CPU.ActiveCfg = Debug|Any CPU
		{FDC8C018-FEE8-4777-9D66-5071D6FDBDA7}.Debug|Any CPU.Build.0 = Debug|Any CPU
		{FDC8C018-FEE8-4777-9D66-5071D6FDBDA7}.Release|Any CPU.ActiveCfg = Release|Any CPU
		{FDC8C018-FEE8-4777-9D66-5071D6FDBDA7}.Release|Any CPU.Build.0 = Release|Any CPU
		{5EFCC784-3FD1-4207-8F06-728EA279A205}.Debug|Any CPU.ActiveCfg = Debug|Any CPU
		{5EFCC784-3FD1-4207-8F06-728EA279A205}.Debug|Any CPU.Build.0 = Debug|Any CPU
		{5EFCC784-3FD1-4207-8F06-728EA279A205}.Release|Any CPU.ActiveCfg = Release|Any CPU
		{5EFCC784-3FD1-4207-8F06-728EA279A205}.Release|Any CPU.Build.0 = Release|Any CPU
	EndGlobalSection
	GlobalSection(SolutionProperties) = preSolution
		HideSolutionNode = FALSE
	EndGlobalSection
	GlobalSection(ExtensibilityGlobals) = postSolution
		SolutionGuid = {FC1FE6C0-B4E8-421D-A69F-771725B9AC96}
	EndGlobalSection
EndGlobal
