
Microsoft Visual Studio Solution File, Format Version 12.00
# Visual Studio Version 16
VisualStudioVersion = 16.0.30523.141
MinimumVisualStudioVersion = 10.0.40219.1
Project("{9A19103F-16F7-4668-BE54-9A1E7A4F7556}") = "DataProvider", "DataProvider\DataProvider.csproj", "{4E2D66BA-FD17-44EC-996E-ADCE2B2D7E49}"
EndProject
Project("{9A19103F-16F7-4668-BE54-9A1E7A4F7556}") = "MailService", "MailService\MailService.csproj", "{133F2F2B-D429-4FE7-AD94-6E5011F2E920}"
EndProject
Project("{9A19103F-16F7-4668-BE54-9A1E7A4F7556}") = "Scheduler", "Scheduler\Scheduler.csproj", "{9A2D8F50-5F76-4031-9493-8F92958BBE80}"
EndProject
Global
	GlobalSection(SolutionConfigurationPlatforms) = preSolution
		Debug|Any CPU = Debug|Any CPU
		Release|Any CPU = Release|Any CPU
	EndGlobalSection
	GlobalSection(ProjectConfigurationPlatforms) = postSolution
		{4E2D66BA-FD17-44EC-996E-ADCE2B2D7E49}.Debug|Any CPU.ActiveCfg = Debug|Any CPU
		{4E2D66BA-FD17-44EC-996E-ADCE2B2D7E49}.Debug|Any CPU.Build.0 = Debug|Any CPU
		{4E2D66BA-FD17-44EC-996E-ADCE2B2D7E49}.Release|Any CPU.ActiveCfg = Release|Any CPU
		{4E2D66BA-FD17-44EC-996E-ADCE2B2D7E49}.Release|Any CPU.Build.0 = Release|Any CPU
		{133F2F2B-D429-4FE7-AD94-6E5011F2E920}.Debug|Any CPU.ActiveCfg = Debug|Any CPU
		{133F2F2B-D429-4FE7-AD94-6E5011F2E920}.Debug|Any CPU.Build.0 = Debug|Any CPU
		{133F2F2B-D429-4FE7-AD94-6E5011F2E920}.Release|Any CPU.ActiveCfg = Release|Any CPU
		{133F2F2B-D429-4FE7-AD94-6E5011F2E920}.Release|Any CPU.Build.0 = Release|Any CPU
		{9A2D8F50-5F76-4031-9493-8F92958BBE80}.Debug|Any CPU.ActiveCfg = Debug|Any CPU
		{9A2D8F50-5F76-4031-9493-8F92958BBE80}.Debug|Any CPU.Build.0 = Debug|Any CPU
		{9A2D8F50-5F76-4031-9493-8F92958BBE80}.Release|Any CPU.ActiveCfg = Release|Any CPU
		{9A2D8F50-5F76-4031-9493-8F92958BBE80}.Release|Any CPU.Build.0 = Release|Any CPU
	EndGlobalSection
	GlobalSection(SolutionProperties) = preSolution
		HideSolutionNode = FALSE
	EndGlobalSection
	GlobalSection(ExtensibilityGlobals) = postSolution
		SolutionGuid = {FC1FE6C0-B4E8-421D-A69F-771725B9AC96}
	EndGlobalSection
EndGlobal
